// !$*UTF8*$!
{
	archiveVersion = 1;
	classes = {
	};
	objectVersion = 55;
	objects = {

/* Begin PBXBuildFile section */
		0A4BE265278EF15E00DEABFB /* NewsApp.swift in Sources */ = {isa = PBXBuildFile; fileRef = 0A4BE264278EF15E00DEABFB /* NewsApp.swift */; };
		0A4BE275278EF27400DEABFB /* NewsListRowView.swift in Sources */ = {isa = PBXBuildFile; fileRef = 0A4BE274278EF27400DEABFB /* NewsListRowView.swift */; };
		0A4BE277278EF27F00DEABFB /* NewsListRowViewModel.swift in Sources */ = {isa = PBXBuildFile; fileRef = 0A4BE276278EF27F00DEABFB /* NewsListRowViewModel.swift */; };
		0A4BE279278EF2CD00DEABFB /* NewsListRowMenuView.swift in Sources */ = {isa = PBXBuildFile; fileRef = 0A4BE278278EF2CD00DEABFB /* NewsListRowMenuView.swift */; };
		0A4BE27D278EF32C00DEABFB /* Colors.swift in Sources */ = {isa = PBXBuildFile; fileRef = 0A4BE27B278EF32C00DEABFB /* Colors.swift */; };
		0A4BE27E278EF32C00DEABFB /* Fonts.swift in Sources */ = {isa = PBXBuildFile; fileRef = 0A4BE27C278EF32C00DEABFB /* Fonts.swift */; };
		0A4BE281278EF4B200DEABFB /* Assets.xcassets in Resources */ = {isa = PBXBuildFile; fileRef = 0A4BE280278EF4B200DEABFB /* Assets.xcassets */; };
		0A4BE292278F153100DEABFB /* GamesMailRuNewsDTO.swift in Sources */ = {isa = PBXBuildFile; fileRef = 0A4BE28A278F153100DEABFB /* GamesMailRuNewsDTO.swift */; };
		0A4BE293278F153100DEABFB /* GamesMailRuNewsProvider+Response.swift in Sources */ = {isa = PBXBuildFile; fileRef = 0A4BE28B278F153100DEABFB /* GamesMailRuNewsProvider+Response.swift */; };
		0A4BE294278F153100DEABFB /* GamesMailRuNewsProvider.swift in Sources */ = {isa = PBXBuildFile; fileRef = 0A4BE28C278F153100DEABFB /* GamesMailRuNewsProvider.swift */; };
		0A4BE295278F153100DEABFB /* NewsProviderError.swift in Sources */ = {isa = PBXBuildFile; fileRef = 0A4BE28E278F153100DEABFB /* NewsProviderError.swift */; };
		0A4BE296278F153100DEABFB /* NewsDTO.swift in Sources */ = {isa = PBXBuildFile; fileRef = 0A4BE28F278F153100DEABFB /* NewsDTO.swift */; };
		0A4BE297278F153100DEABFB /* NewsImageLoader.swift in Sources */ = {isa = PBXBuildFile; fileRef = 0A4BE290278F153100DEABFB /* NewsImageLoader.swift */; };
		0A4BE298278F153100DEABFB /* NewsProvider.swift in Sources */ = {isa = PBXBuildFile; fileRef = 0A4BE291278F153100DEABFB /* NewsProvider.swift */; };
		0A4BE29C278F16B500DEABFB /* NewsListViewModel.swift in Sources */ = {isa = PBXBuildFile; fileRef = 0A4BE29A278F16B500DEABFB /* NewsListViewModel.swift */; };
		0A4BE29D278F16B500DEABFB /* NewsListView.swift in Sources */ = {isa = PBXBuildFile; fileRef = 0A4BE29B278F16B500DEABFB /* NewsListView.swift */; };
		0A4BE2A0278F17F300DEABFB /* NewsListRowViewModelFactory.swift in Sources */ = {isa = PBXBuildFile; fileRef = 0A4BE29F278F17F300DEABFB /* NewsListRowViewModelFactory.swift */; };
		0A4BE2A4278F1DDA00DEABFB /* ErrorModelFactory.swift in Sources */ = {isa = PBXBuildFile; fileRef = 0A4BE2A2278F1DDA00DEABFB /* ErrorModelFactory.swift */; };
		0A4BE2A5278F1DDA00DEABFB /* ErrorModel.swift in Sources */ = {isa = PBXBuildFile; fileRef = 0A4BE2A3278F1DDA00DEABFB /* ErrorModel.swift */; };
		0A4BE2AC278F1ED700DEABFB /* ErrorBottomView.swift in Sources */ = {isa = PBXBuildFile; fileRef = 0A4BE2A9278F1ED700DEABFB /* ErrorBottomView.swift */; };
		0A4BE2AD278F1ED700DEABFB /* MessageView.swift in Sources */ = {isa = PBXBuildFile; fileRef = 0A4BE2AB278F1ED700DEABFB /* MessageView.swift */; };
		0A4BE2B1278F4D9800DEABFB /* Animations.swift in Sources */ = {isa = PBXBuildFile; fileRef = 0A4BE2AF278F4D9800DEABFB /* Animations.swift */; };
		0A4BE2B2278F4D9800DEABFB /* loading_animation.gif in Resources */ = {isa = PBXBuildFile; fileRef = 0A4BE2B0278F4D9800DEABFB /* loading_animation.gif */; };
		0A4BE2B6278F4DBB00DEABFB /* ScrollViewContentOffsetObserverViewModifier.swift in Sources */ = {isa = PBXBuildFile; fileRef = 0A4BE2B4278F4DBB00DEABFB /* ScrollViewContentOffsetObserverViewModifier.swift */; };
		0A4BE2BA278F4E3200DEABFB /* AnimatedImageView.swift in Sources */ = {isa = PBXBuildFile; fileRef = 0A4BE2B9278F4E3200DEABFB /* AnimatedImageView.swift */; };
		0A4BE2BE278F5D7C00DEABFB /* LoadingMoreNewsAnimation.swift in Sources */ = {isa = PBXBuildFile; fileRef = 0A4BE2BC278F5D7C00DEABFB /* LoadingMoreNewsAnimation.swift */; };
		0A4BE2BF278F5D7C00DEABFB /* LoadingMoreNewsAnimationModel.swift in Sources */ = {isa = PBXBuildFile; fileRef = 0A4BE2BD278F5D7C00DEABFB /* LoadingMoreNewsAnimationModel.swift */; };
		0A4BE2C3278F5D8500DEABFB /* RefreshAnimationViewModel.swift in Sources */ = {isa = PBXBuildFile; fileRef = 0A4BE2C1278F5D8500DEABFB /* RefreshAnimationViewModel.swift */; };
		0A4BE2C4278F5D8500DEABFB /* RefreshAnimationView.swift in Sources */ = {isa = PBXBuildFile; fileRef = 0A4BE2C2278F5D8500DEABFB /* RefreshAnimationView.swift */; };
		0A4BE2CD278F606400DEABFB /* ActivityViewControllerWrapper.swift in Sources */ = {isa = PBXBuildFile; fileRef = 0A4BE2CB278F606400DEABFB /* ActivityViewControllerWrapper.swift */; };
		0A4BE2CE278F606400DEABFB /* ActivityView.swift in Sources */ = {isa = PBXBuildFile; fileRef = 0A4BE2CC278F606400DEABFB /* ActivityView.swift */; };
		0A4BE2D3278F619000DEABFB /* NewsWebView.swift in Sources */ = {isa = PBXBuildFile; fileRef = 0A4BE2D0278F619000DEABFB /* NewsWebView.swift */; };
		0A4BE2D4278F619000DEABFB /* WKWebViewWrapper.swift in Sources */ = {isa = PBXBuildFile; fileRef = 0A4BE2D1278F619000DEABFB /* WKWebViewWrapper.swift */; };
		0A4BE2D5278F619000DEABFB /* NewsWebViewModel.swift in Sources */ = {isa = PBXBuildFile; fileRef = 0A4BE2D2278F619000DEABFB /* NewsWebViewModel.swift */; };
		A422358627F6FCAE0088BB46 /* MyTargetSDK.xcframework in Frameworks */ = {isa = PBXBuildFile; fileRef = A422358527F6FCAE0088BB46 /* MyTargetSDK.xcframework */; };
		A422358727F6FCAE0088BB46 /* MyTargetSDK.xcframework in Embed Frameworks */ = {isa = PBXBuildFile; fileRef = A422358527F6FCAE0088BB46 /* MyTargetSDK.xcframework */; settings = {ATTRIBUTES = (RemoveHeadersOnCopy, ); }; };
		A422358D27F71D820088BB46 /* NativeAdViewModel.swift in Sources */ = {isa = PBXBuildFile; fileRef = A422358C27F71D820088BB46 /* NativeAdViewModel.swift */; };
		A422358F27F720F80088BB46 /* NativeAdView.swift in Sources */ = {isa = PBXBuildFile; fileRef = A422358E27F720F80088BB46 /* NativeAdView.swift */; };
		A422359127F725D30088BB46 /* NativeAd.swift in Sources */ = {isa = PBXBuildFile; fileRef = A422359027F725D30088BB46 /* NativeAd.swift */; };
		A422359527F739420088BB46 /* RoundedCornerRectangle.swift in Sources */ = {isa = PBXBuildFile; fileRef = A422359427F739420088BB46 /* RoundedCornerRectangle.swift */; };
/* End PBXBuildFile section */

/* Begin PBXCopyFilesBuildPhase section */
		A422358827F6FCAE0088BB46 /* Embed Frameworks */ = {
			isa = PBXCopyFilesBuildPhase;
			buildActionMask = 2147483647;
			dstPath = "";
			dstSubfolderSpec = 10;
			files = (
				A422358727F6FCAE0088BB46 /* MyTargetSDK.xcframework in Embed Frameworks */,
			);
			name = "Embed Frameworks";
			runOnlyForDeploymentPostprocessing = 0;
		};
/* End PBXCopyFilesBuildPhase section */

/* Begin PBXFileReference section */
		0A4BE261278EF15E00DEABFB /* News.app */ = {isa = PBXFileReference; explicitFileType = wrapper.application; includeInIndex = 0; path = News.app; sourceTree = BUILT_PRODUCTS_DIR; };
		0A4BE264278EF15E00DEABFB /* NewsApp.swift */ = {isa = PBXFileReference; lastKnownFileType = sourcecode.swift; path = NewsApp.swift; sourceTree = "<group>"; };
		0A4BE274278EF27400DEABFB /* NewsListRowView.swift */ = {isa = PBXFileReference; fileEncoding = 4; lastKnownFileType = sourcecode.swift; path = NewsListRowView.swift; sourceTree = "<group>"; };
		0A4BE276278EF27F00DEABFB /* NewsListRowViewModel.swift */ = {isa = PBXFileReference; fileEncoding = 4; lastKnownFileType = sourcecode.swift; path = NewsListRowViewModel.swift; sourceTree = "<group>"; };
		0A4BE278278EF2CD00DEABFB /* NewsListRowMenuView.swift */ = {isa = PBXFileReference; fileEncoding = 4; lastKnownFileType = sourcecode.swift; path = NewsListRowMenuView.swift; sourceTree = "<group>"; };
		0A4BE27B278EF32C00DEABFB /* Colors.swift */ = {isa = PBXFileReference; fileEncoding = 4; lastKnownFileType = sourcecode.swift; path = Colors.swift; sourceTree = "<group>"; };
		0A4BE27C278EF32C00DEABFB /* Fonts.swift */ = {isa = PBXFileReference; fileEncoding = 4; lastKnownFileType = sourcecode.swift; path = Fonts.swift; sourceTree = "<group>"; };
		0A4BE280278EF4B200DEABFB /* Assets.xcassets */ = {isa = PBXFileReference; lastKnownFileType = folder.assetcatalog; path = Assets.xcassets; sourceTree = "<group>"; };
		0A4BE28A278F153100DEABFB /* GamesMailRuNewsDTO.swift */ = {isa = PBXFileReference; fileEncoding = 4; lastKnownFileType = sourcecode.swift; path = GamesMailRuNewsDTO.swift; sourceTree = "<group>"; };
		0A4BE28B278F153100DEABFB /* GamesMailRuNewsProvider+Response.swift */ = {isa = PBXFileReference; fileEncoding = 4; lastKnownFileType = sourcecode.swift; path = "GamesMailRuNewsProvider+Response.swift"; sourceTree = "<group>"; };
		0A4BE28C278F153100DEABFB /* GamesMailRuNewsProvider.swift */ = {isa = PBXFileReference; fileEncoding = 4; lastKnownFileType = sourcecode.swift; path = GamesMailRuNewsProvider.swift; sourceTree = "<group>"; };
		0A4BE28E278F153100DEABFB /* NewsProviderError.swift */ = {isa = PBXFileReference; fileEncoding = 4; lastKnownFileType = sourcecode.swift; path = NewsProviderError.swift; sourceTree = "<group>"; };
		0A4BE28F278F153100DEABFB /* NewsDTO.swift */ = {isa = PBXFileReference; fileEncoding = 4; lastKnownFileType = sourcecode.swift; path = NewsDTO.swift; sourceTree = "<group>"; };
		0A4BE290278F153100DEABFB /* NewsImageLoader.swift */ = {isa = PBXFileReference; fileEncoding = 4; lastKnownFileType = sourcecode.swift; path = NewsImageLoader.swift; sourceTree = "<group>"; };
		0A4BE291278F153100DEABFB /* NewsProvider.swift */ = {isa = PBXFileReference; fileEncoding = 4; lastKnownFileType = sourcecode.swift; path = NewsProvider.swift; sourceTree = "<group>"; };
		0A4BE29A278F16B500DEABFB /* NewsListViewModel.swift */ = {isa = PBXFileReference; fileEncoding = 4; lastKnownFileType = sourcecode.swift; path = NewsListViewModel.swift; sourceTree = "<group>"; };
		0A4BE29B278F16B500DEABFB /* NewsListView.swift */ = {isa = PBXFileReference; fileEncoding = 4; lastKnownFileType = sourcecode.swift; path = NewsListView.swift; sourceTree = "<group>"; };
		0A4BE29F278F17F300DEABFB /* NewsListRowViewModelFactory.swift */ = {isa = PBXFileReference; fileEncoding = 4; lastKnownFileType = sourcecode.swift; path = NewsListRowViewModelFactory.swift; sourceTree = "<group>"; };
		0A4BE2A2278F1DDA00DEABFB /* ErrorModelFactory.swift */ = {isa = PBXFileReference; fileEncoding = 4; lastKnownFileType = sourcecode.swift; path = ErrorModelFactory.swift; sourceTree = "<group>"; };
		0A4BE2A3278F1DDA00DEABFB /* ErrorModel.swift */ = {isa = PBXFileReference; fileEncoding = 4; lastKnownFileType = sourcecode.swift; path = ErrorModel.swift; sourceTree = "<group>"; };
		0A4BE2A9278F1ED700DEABFB /* ErrorBottomView.swift */ = {isa = PBXFileReference; fileEncoding = 4; lastKnownFileType = sourcecode.swift; path = ErrorBottomView.swift; sourceTree = "<group>"; };
		0A4BE2AB278F1ED700DEABFB /* MessageView.swift */ = {isa = PBXFileReference; fileEncoding = 4; lastKnownFileType = sourcecode.swift; path = MessageView.swift; sourceTree = "<group>"; };
		0A4BE2AF278F4D9800DEABFB /* Animations.swift */ = {isa = PBXFileReference; fileEncoding = 4; lastKnownFileType = sourcecode.swift; path = Animations.swift; sourceTree = "<group>"; };
		0A4BE2B0278F4D9800DEABFB /* loading_animation.gif */ = {isa = PBXFileReference; lastKnownFileType = image.gif; path = loading_animation.gif; sourceTree = "<group>"; };
		0A4BE2B4278F4DBB00DEABFB /* ScrollViewContentOffsetObserverViewModifier.swift */ = {isa = PBXFileReference; fileEncoding = 4; lastKnownFileType = sourcecode.swift; path = ScrollViewContentOffsetObserverViewModifier.swift; sourceTree = "<group>"; };
		0A4BE2B9278F4E3200DEABFB /* AnimatedImageView.swift */ = {isa = PBXFileReference; fileEncoding = 4; lastKnownFileType = sourcecode.swift; path = AnimatedImageView.swift; sourceTree = "<group>"; };
		0A4BE2BC278F5D7C00DEABFB /* LoadingMoreNewsAnimation.swift */ = {isa = PBXFileReference; fileEncoding = 4; lastKnownFileType = sourcecode.swift; path = LoadingMoreNewsAnimation.swift; sourceTree = "<group>"; };
		0A4BE2BD278F5D7C00DEABFB /* LoadingMoreNewsAnimationModel.swift */ = {isa = PBXFileReference; fileEncoding = 4; lastKnownFileType = sourcecode.swift; path = LoadingMoreNewsAnimationModel.swift; sourceTree = "<group>"; };
		0A4BE2C1278F5D8500DEABFB /* RefreshAnimationViewModel.swift */ = {isa = PBXFileReference; fileEncoding = 4; lastKnownFileType = sourcecode.swift; path = RefreshAnimationViewModel.swift; sourceTree = "<group>"; };
		0A4BE2C2278F5D8500DEABFB /* RefreshAnimationView.swift */ = {isa = PBXFileReference; fileEncoding = 4; lastKnownFileType = sourcecode.swift; path = RefreshAnimationView.swift; sourceTree = "<group>"; };
		0A4BE2CB278F606400DEABFB /* ActivityViewControllerWrapper.swift */ = {isa = PBXFileReference; fileEncoding = 4; lastKnownFileType = sourcecode.swift; path = ActivityViewControllerWrapper.swift; sourceTree = "<group>"; };
		0A4BE2CC278F606400DEABFB /* ActivityView.swift */ = {isa = PBXFileReference; fileEncoding = 4; lastKnownFileType = sourcecode.swift; path = ActivityView.swift; sourceTree = "<group>"; };
		0A4BE2D0278F619000DEABFB /* NewsWebView.swift */ = {isa = PBXFileReference; fileEncoding = 4; lastKnownFileType = sourcecode.swift; path = NewsWebView.swift; sourceTree = "<group>"; };
		0A4BE2D1278F619000DEABFB /* WKWebViewWrapper.swift */ = {isa = PBXFileReference; fileEncoding = 4; lastKnownFileType = sourcecode.swift; path = WKWebViewWrapper.swift; sourceTree = "<group>"; };
		0A4BE2D2278F619000DEABFB /* NewsWebViewModel.swift */ = {isa = PBXFileReference; fileEncoding = 4; lastKnownFileType = sourcecode.swift; path = NewsWebViewModel.swift; sourceTree = "<group>"; };
		A422358527F6FCAE0088BB46 /* MyTargetSDK.xcframework */ = {isa = PBXFileReference; lastKnownFileType = wrapper.xcframework; name = MyTargetSDK.xcframework; path = "mytarget-ios-sdk-5/MyTargetSDK.xcframework"; sourceTree = "<group>"; };
		A422358C27F71D820088BB46 /* NativeAdViewModel.swift */ = {isa = PBXFileReference; lastKnownFileType = sourcecode.swift; path = NativeAdViewModel.swift; sourceTree = "<group>"; };
		A422358E27F720F80088BB46 /* NativeAdView.swift */ = {isa = PBXFileReference; lastKnownFileType = sourcecode.swift; path = NativeAdView.swift; sourceTree = "<group>"; };
		A422359027F725D30088BB46 /* NativeAd.swift */ = {isa = PBXFileReference; lastKnownFileType = sourcecode.swift; path = NativeAd.swift; sourceTree = "<group>"; };
		A422359427F739420088BB46 /* RoundedCornerRectangle.swift */ = {isa = PBXFileReference; lastKnownFileType = sourcecode.swift; path = RoundedCornerRectangle.swift; sourceTree = "<group>"; };
/* End PBXFileReference section */

/* Begin PBXFrameworksBuildPhase section */
		0A4BE25E278EF15E00DEABFB /* Frameworks */ = {
			isa = PBXFrameworksBuildPhase;
			buildActionMask = 2147483647;
			files = (
				A422358627F6FCAE0088BB46 /* MyTargetSDK.xcframework in Frameworks */,
			);
			runOnlyForDeploymentPostprocessing = 0;
		};
/* End PBXFrameworksBuildPhase section */

/* Begin PBXGroup section */
		0A4BE258278EF15E00DEABFB = {
			isa = PBXGroup;
			children = (
				0A4BE263278EF15E00DEABFB /* News */,
				A422358227F6FBD10088BB46 /* Frameworks */,
				0A4BE262278EF15E00DEABFB /* Products */,
			);
			sourceTree = "<group>";
		};
		0A4BE262278EF15E00DEABFB /* Products */ = {
			isa = PBXGroup;
			children = (
				0A4BE261278EF15E00DEABFB /* News.app */,
			);
			name = Products;
			sourceTree = "<group>";
		};
		0A4BE263278EF15E00DEABFB /* News */ = {
			isa = PBXGroup;
			children = (
				0A4BE264278EF15E00DEABFB /* NewsApp.swift */,
				A422358927F6FF7E0088BB46 /* Ad */,
				0A4BE287278F145C00DEABFB /* BusinessLogic */,
				0A4BE272278EF25100DEABFB /* UI */,
			);
			path = News;
			sourceTree = "<group>";
		};
		0A4BE272278EF25100DEABFB /* UI */ = {
			isa = PBXGroup;
			children = (
				0A4BE27F278EF34800DEABFB /* Assets */,
				0A4BE2A6278F1EC500DEABFB /* CommonComponents */,
				0A4BE29E278F16E800DEABFB /* Modules */,
				0A4BE27A278EF30F00DEABFB /* Styles */,
				0A4BE2B3278F4DBB00DEABFB /* ViewModifiers */,
			);
			path = UI;
			sourceTree = "<group>";
		};
		0A4BE273278EF25E00DEABFB /* NewsListRow */ = {
			isa = PBXGroup;
			children = (
				0A4BE278278EF2CD00DEABFB /* NewsListRowMenuView.swift */,
				0A4BE274278EF27400DEABFB /* NewsListRowView.swift */,
				0A4BE276278EF27F00DEABFB /* NewsListRowViewModel.swift */,
				0A4BE29F278F17F300DEABFB /* NewsListRowViewModelFactory.swift */,
			);
			path = NewsListRow;
			sourceTree = "<group>";
		};
		0A4BE27A278EF30F00DEABFB /* Styles */ = {
			isa = PBXGroup;
			children = (
				0A4BE27B278EF32C00DEABFB /* Colors.swift */,
				0A4BE27C278EF32C00DEABFB /* Fonts.swift */,
			);
			path = Styles;
			sourceTree = "<group>";
		};
		0A4BE27F278EF34800DEABFB /* Assets */ = {
			isa = PBXGroup;
			children = (
				0A4BE2AE278F4D9800DEABFB /* Animations */,
				0A4BE280278EF4B200DEABFB /* Assets.xcassets */,
			);
			path = Assets;
			sourceTree = "<group>";
		};
		0A4BE287278F145C00DEABFB /* BusinessLogic */ = {
			isa = PBXGroup;
			children = (
				0A4BE288278F153100DEABFB /* NewsProvider */,
			);
			path = BusinessLogic;
			sourceTree = "<group>";
		};
		0A4BE288278F153100DEABFB /* NewsProvider */ = {
			isa = PBXGroup;
			children = (
				0A4BE28D278F153100DEABFB /* Common */,
				0A4BE2A1278F1DDA00DEABFB /* Errors */,
				0A4BE289278F153100DEABFB /* GamesMailRu */,
			);
			path = NewsProvider;
			sourceTree = "<group>";
		};
		0A4BE289278F153100DEABFB /* GamesMailRu */ = {
			isa = PBXGroup;
			children = (
				0A4BE28C278F153100DEABFB /* GamesMailRuNewsProvider.swift */,
				0A4BE28B278F153100DEABFB /* GamesMailRuNewsProvider+Response.swift */,
				0A4BE28A278F153100DEABFB /* GamesMailRuNewsDTO.swift */,
			);
			path = GamesMailRu;
			sourceTree = "<group>";
		};
		0A4BE28D278F153100DEABFB /* Common */ = {
			isa = PBXGroup;
			children = (
				0A4BE291278F153100DEABFB /* NewsProvider.swift */,
				0A4BE28E278F153100DEABFB /* NewsProviderError.swift */,
				0A4BE28F278F153100DEABFB /* NewsDTO.swift */,
				0A4BE290278F153100DEABFB /* NewsImageLoader.swift */,
			);
			path = Common;
			sourceTree = "<group>";
		};
		0A4BE299278F163E00DEABFB /* NewsList */ = {
			isa = PBXGroup;
			children = (
				0A4BE29B278F16B500DEABFB /* NewsListView.swift */,
				0A4BE29A278F16B500DEABFB /* NewsListViewModel.swift */,
				0A4BE273278EF25E00DEABFB /* NewsListRow */,
				0A4BE2C0278F5D8500DEABFB /* RefreshAnimation */,
				0A4BE2BB278F5D7C00DEABFB /* LoadingMoreNewsAnimation */,
			);
			path = NewsList;
			sourceTree = "<group>";
		};
		0A4BE29E278F16E800DEABFB /* Modules */ = {
			isa = PBXGroup;
			children = (
				0A4BE2CF278F619000DEABFB /* News */,
				0A4BE299278F163E00DEABFB /* NewsList */,
			);
			path = Modules;
			sourceTree = "<group>";
		};
		0A4BE2A1278F1DDA00DEABFB /* Errors */ = {
			isa = PBXGroup;
			children = (
				0A4BE2A3278F1DDA00DEABFB /* ErrorModel.swift */,
				0A4BE2A2278F1DDA00DEABFB /* ErrorModelFactory.swift */,
			);
			path = Errors;
			sourceTree = "<group>";
		};
		0A4BE2A6278F1EC500DEABFB /* CommonComponents */ = {
			isa = PBXGroup;
			children = (
				A422359327F738700088BB46 /* Shapes */,
				0A4BE2CA278F606400DEABFB /* Activity */,
				0A4BE2B8278F4E3200DEABFB /* AnimatedImage */,
				0A4BE2A7278F1ED700DEABFB /* Errors */,
				0A4BE2AA278F1ED700DEABFB /* Message */,
			);
			path = CommonComponents;
			sourceTree = "<group>";
		};
		0A4BE2A7278F1ED700DEABFB /* Errors */ = {
			isa = PBXGroup;
			children = (
				0A4BE2A8278F1ED700DEABFB /* BottomError */,
			);
			path = Errors;
			sourceTree = "<group>";
		};
		0A4BE2A8278F1ED700DEABFB /* BottomError */ = {
			isa = PBXGroup;
			children = (
				0A4BE2A9278F1ED700DEABFB /* ErrorBottomView.swift */,
			);
			path = BottomError;
			sourceTree = "<group>";
		};
		0A4BE2AA278F1ED700DEABFB /* Message */ = {
			isa = PBXGroup;
			children = (
				0A4BE2AB278F1ED700DEABFB /* MessageView.swift */,
			);
			path = Message;
			sourceTree = "<group>";
		};
		0A4BE2AE278F4D9800DEABFB /* Animations */ = {
			isa = PBXGroup;
			children = (
				0A4BE2AF278F4D9800DEABFB /* Animations.swift */,
				0A4BE2B0278F4D9800DEABFB /* loading_animation.gif */,
			);
			path = Animations;
			sourceTree = "<group>";
		};
		0A4BE2B3278F4DBB00DEABFB /* ViewModifiers */ = {
			isa = PBXGroup;
			children = (
				0A4BE2B4278F4DBB00DEABFB /* ScrollViewContentOffsetObserverViewModifier.swift */,
			);
			path = ViewModifiers;
			sourceTree = "<group>";
		};
		0A4BE2B8278F4E3200DEABFB /* AnimatedImage */ = {
			isa = PBXGroup;
			children = (
				0A4BE2B9278F4E3200DEABFB /* AnimatedImageView.swift */,
			);
			path = AnimatedImage;
			sourceTree = "<group>";
		};
		0A4BE2BB278F5D7C00DEABFB /* LoadingMoreNewsAnimation */ = {
			isa = PBXGroup;
			children = (
				0A4BE2BC278F5D7C00DEABFB /* LoadingMoreNewsAnimation.swift */,
				0A4BE2BD278F5D7C00DEABFB /* LoadingMoreNewsAnimationModel.swift */,
			);
			path = LoadingMoreNewsAnimation;
			sourceTree = "<group>";
		};
		0A4BE2C0278F5D8500DEABFB /* RefreshAnimation */ = {
			isa = PBXGroup;
			children = (
				0A4BE2C1278F5D8500DEABFB /* RefreshAnimationViewModel.swift */,
				0A4BE2C2278F5D8500DEABFB /* RefreshAnimationView.swift */,
			);
			path = RefreshAnimation;
			sourceTree = "<group>";
		};
		0A4BE2CA278F606400DEABFB /* Activity */ = {
			isa = PBXGroup;
			children = (
				0A4BE2CB278F606400DEABFB /* ActivityViewControllerWrapper.swift */,
				0A4BE2CC278F606400DEABFB /* ActivityView.swift */,
			);
			path = Activity;
			sourceTree = "<group>";
		};
		0A4BE2CF278F619000DEABFB /* News */ = {
			isa = PBXGroup;
			children = (
				0A4BE2D0278F619000DEABFB /* NewsWebView.swift */,
				0A4BE2D1278F619000DEABFB /* WKWebViewWrapper.swift */,
				0A4BE2D2278F619000DEABFB /* NewsWebViewModel.swift */,
			);
			path = News;
			sourceTree = "<group>";
		};
		A422358227F6FBD10088BB46 /* Frameworks */ = {
			isa = PBXGroup;
			children = (
				A422358527F6FCAE0088BB46 /* MyTargetSDK.xcframework */,
			);
			path = Frameworks;
			sourceTree = "<group>";
		};
		A422358927F6FF7E0088BB46 /* Ad */ = {
			isa = PBXGroup;
			children = (
				A422359027F725D30088BB46 /* NativeAd.swift */,
				A422358E27F720F80088BB46 /* NativeAdView.swift */,
				A422358C27F71D820088BB46 /* NativeAdViewModel.swift */,
			);
			path = Ad;
			sourceTree = "<group>";
		};
		A422359327F738700088BB46 /* Shapes */ = {
			isa = PBXGroup;
			children = (
				A422359427F739420088BB46 /* RoundedCornerRectangle.swift */,
			);
			path = Shapes;
			sourceTree = "<group>";
		};
/* End PBXGroup section */

/* Begin PBXNativeTarget section */
		0A4BE260278EF15E00DEABFB /* News */ = {
			isa = PBXNativeTarget;
			buildConfigurationList = 0A4BE26F278EF16000DEABFB /* Build configuration list for PBXNativeTarget "News" */;
			buildPhases = (
				0A4BE25D278EF15E00DEABFB /* Sources */,
				0A4BE25E278EF15E00DEABFB /* Frameworks */,
				0A4BE25F278EF15E00DEABFB /* Resources */,
				A422358827F6FCAE0088BB46 /* Embed Frameworks */,
			);
			buildRules = (
			);
			dependencies = (
			);
			name = News;
			productName = News;
			productReference = 0A4BE261278EF15E00DEABFB /* News.app */;
			productType = "com.apple.product-type.application";
		};
/* End PBXNativeTarget section */

/* Begin PBXProject section */
		0A4BE259278EF15E00DEABFB /* Project object */ = {
			isa = PBXProject;
			attributes = {
				BuildIndependentTargetsInParallel = 1;
				LastSwiftUpdateCheck = 1310;
				LastUpgradeCheck = 1310;
				TargetAttributes = {
					0A4BE260278EF15E00DEABFB = {
						CreatedOnToolsVersion = 13.1;
					};
				};
			};
			buildConfigurationList = 0A4BE25C278EF15E00DEABFB /* Build configuration list for PBXProject "News" */;
			compatibilityVersion = "Xcode 13.0";
			developmentRegion = en;
			hasScannedForEncodings = 0;
			knownRegions = (
				en,
				Base,
			);
			mainGroup = 0A4BE258278EF15E00DEABFB;
			packageReferences = (
			);
			productRefGroup = 0A4BE262278EF15E00DEABFB /* Products */;
			projectDirPath = "";
			projectRoot = "";
			targets = (
				0A4BE260278EF15E00DEABFB /* News */,
			);
		};
/* End PBXProject section */

/* Begin PBXResourcesBuildPhase section */
		0A4BE25F278EF15E00DEABFB /* Resources */ = {
			isa = PBXResourcesBuildPhase;
			buildActionMask = 2147483647;
			files = (
				0A4BE2B2278F4D9800DEABFB /* loading_animation.gif in Resources */,
				0A4BE281278EF4B200DEABFB /* Assets.xcassets in Resources */,
			);
			runOnlyForDeploymentPostprocessing = 0;
		};
/* End PBXResourcesBuildPhase section */

/* Begin PBXSourcesBuildPhase section */
		0A4BE25D278EF15E00DEABFB /* Sources */ = {
			isa = PBXSourcesBuildPhase;
			buildActionMask = 2147483647;
			files = (
				0A4BE294278F153100DEABFB /* GamesMailRuNewsProvider.swift in Sources */,
				0A4BE29C278F16B500DEABFB /* NewsListViewModel.swift in Sources */,
				0A4BE2CD278F606400DEABFB /* ActivityViewControllerWrapper.swift in Sources */,
				0A4BE2B6278F4DBB00DEABFB /* ScrollViewContentOffsetObserverViewModifier.swift in Sources */,
				0A4BE292278F153100DEABFB /* GamesMailRuNewsDTO.swift in Sources */,
				0A4BE2A0278F17F300DEABFB /* NewsListRowViewModelFactory.swift in Sources */,
				A422359527F739420088BB46 /* RoundedCornerRectangle.swift in Sources */,
				0A4BE2D3278F619000DEABFB /* NewsWebView.swift in Sources */,
				0A4BE2AD278F1ED700DEABFB /* MessageView.swift in Sources */,
				0A4BE27E278EF32C00DEABFB /* Fonts.swift in Sources */,
				0A4BE297278F153100DEABFB /* NewsImageLoader.swift in Sources */,
				0A4BE2A5278F1DDA00DEABFB /* ErrorModel.swift in Sources */,
				0A4BE293278F153100DEABFB /* GamesMailRuNewsProvider+Response.swift in Sources */,
				0A4BE2D4278F619000DEABFB /* WKWebViewWrapper.swift in Sources */,
				0A4BE2BA278F4E3200DEABFB /* AnimatedImageView.swift in Sources */,
				0A4BE275278EF27400DEABFB /* NewsListRowView.swift in Sources */,
				A422358F27F720F80088BB46 /* NativeAdView.swift in Sources */,
				A422358D27F71D820088BB46 /* NativeAdViewModel.swift in Sources */,
				0A4BE2A4278F1DDA00DEABFB /* ErrorModelFactory.swift in Sources */,
				0A4BE29D278F16B500DEABFB /* NewsListView.swift in Sources */,
				0A4BE2BF278F5D7C00DEABFB /* LoadingMoreNewsAnimationModel.swift in Sources */,
				0A4BE27D278EF32C00DEABFB /* Colors.swift in Sources */,
				0A4BE2C3278F5D8500DEABFB /* RefreshAnimationViewModel.swift in Sources */,
				0A4BE296278F153100DEABFB /* NewsDTO.swift in Sources */,
				0A4BE2AC278F1ED700DEABFB /* ErrorBottomView.swift in Sources */,
				0A4BE295278F153100DEABFB /* NewsProviderError.swift in Sources */,
				0A4BE279278EF2CD00DEABFB /* NewsListRowMenuView.swift in Sources */,
				0A4BE2CE278F606400DEABFB /* ActivityView.swift in Sources */,
				A422359127F725D30088BB46 /* NativeAd.swift in Sources */,
				0A4BE277278EF27F00DEABFB /* NewsListRowViewModel.swift in Sources */,
				0A4BE2C4278F5D8500DEABFB /* RefreshAnimationView.swift in Sources */,
				0A4BE2BE278F5D7C00DEABFB /* LoadingMoreNewsAnimation.swift in Sources */,
				0A4BE2D5278F619000DEABFB /* NewsWebViewModel.swift in Sources */,
				0A4BE265278EF15E00DEABFB /* NewsApp.swift in Sources */,
				0A4BE298278F153100DEABFB /* NewsProvider.swift in Sources */,
				0A4BE2B1278F4D9800DEABFB /* Animations.swift in Sources */,
			);
			runOnlyForDeploymentPostprocessing = 0;
		};
/* End PBXSourcesBuildPhase section */

/* Begin XCBuildConfiguration section */
		0A4BE26D278EF16000DEABFB /* Debug */ = {
			isa = XCBuildConfiguration;
			buildSettings = {
				ALWAYS_SEARCH_USER_PATHS = NO;
				CLANG_ANALYZER_NONNULL = YES;
				CLANG_ANALYZER_NUMBER_OBJECT_CONVERSION = YES_AGGRESSIVE;
				CLANG_CXX_LANGUAGE_STANDARD = "gnu++17";
				CLANG_CXX_LIBRARY = "libc++";
				CLANG_ENABLE_MODULES = YES;
				CLANG_ENABLE_OBJC_ARC = YES;
				CLANG_ENABLE_OBJC_WEAK = YES;
				CLANG_WARN_BLOCK_CAPTURE_AUTORELEASING = YES;
				CLANG_WARN_BOOL_CONVERSION = YES;
				CLANG_WARN_COMMA = YES;
				CLANG_WARN_CONSTANT_CONVERSION = YES;
				CLANG_WARN_DEPRECATED_OBJC_IMPLEMENTATIONS = YES;
				CLANG_WARN_DIRECT_OBJC_ISA_USAGE = YES_ERROR;
				CLANG_WARN_DOCUMENTATION_COMMENTS = YES;
				CLANG_WARN_EMPTY_BODY = YES;
				CLANG_WARN_ENUM_CONVERSION = YES;
				CLANG_WARN_INFINITE_RECURSION = YES;
				CLANG_WARN_INT_CONVERSION = YES;
				CLANG_WARN_NON_LITERAL_NULL_CONVERSION = YES;
				CLANG_WARN_OBJC_IMPLICIT_RETAIN_SELF = YES;
				CLANG_WARN_OBJC_LITERAL_CONVERSION = YES;
				CLANG_WARN_OBJC_ROOT_CLASS = YES_ERROR;
				CLANG_WARN_QUOTED_INCLUDE_IN_FRAMEWORK_HEADER = YES;
				CLANG_WARN_RANGE_LOOP_ANALYSIS = YES;
				CLANG_WARN_STRICT_PROTOTYPES = YES;
				CLANG_WARN_SUSPICIOUS_MOVE = YES;
				CLANG_WARN_UNGUARDED_AVAILABILITY = YES_AGGRESSIVE;
				CLANG_WARN_UNREACHABLE_CODE = YES;
				CLANG_WARN__DUPLICATE_METHOD_MATCH = YES;
				COPY_PHASE_STRIP = NO;
				DEBUG_INFORMATION_FORMAT = dwarf;
				ENABLE_STRICT_OBJC_MSGSEND = YES;
				ENABLE_TESTABILITY = YES;
				GCC_C_LANGUAGE_STANDARD = gnu11;
				GCC_DYNAMIC_NO_PIC = NO;
				GCC_NO_COMMON_BLOCKS = YES;
				GCC_OPTIMIZATION_LEVEL = 0;
				GCC_PREPROCESSOR_DEFINITIONS = (
					"DEBUG=1",
					"$(inherited)",
				);
				GCC_WARN_64_TO_32_BIT_CONVERSION = YES;
				GCC_WARN_ABOUT_RETURN_TYPE = YES_ERROR;
				GCC_WARN_UNDECLARED_SELECTOR = YES;
				GCC_WARN_UNINITIALIZED_AUTOS = YES_AGGRESSIVE;
				GCC_WARN_UNUSED_FUNCTION = YES;
				GCC_WARN_UNUSED_VARIABLE = YES;
				IPHONEOS_DEPLOYMENT_TARGET = 15.0;
				MTL_ENABLE_DEBUG_INFO = INCLUDE_SOURCE;
				MTL_FAST_MATH = YES;
				ONLY_ACTIVE_ARCH = YES;
				SDKROOT = iphoneos;
				SWIFT_ACTIVE_COMPILATION_CONDITIONS = DEBUG;
				SWIFT_OPTIMIZATION_LEVEL = "-Onone";
			};
			name = Debug;
		};
		0A4BE26E278EF16000DEABFB /* Release */ = {
			isa = XCBuildConfiguration;
			buildSettings = {
				ALWAYS_SEARCH_USER_PATHS = NO;
				CLANG_ANALYZER_NONNULL = YES;
				CLANG_ANALYZER_NUMBER_OBJECT_CONVERSION = YES_AGGRESSIVE;
				CLANG_CXX_LANGUAGE_STANDARD = "gnu++17";
				CLANG_CXX_LIBRARY = "libc++";
				CLANG_ENABLE_MODULES = YES;
				CLANG_ENABLE_OBJC_ARC = YES;
				CLANG_ENABLE_OBJC_WEAK = YES;
				CLANG_WARN_BLOCK_CAPTURE_AUTORELEASING = YES;
				CLANG_WARN_BOOL_CONVERSION = YES;
				CLANG_WARN_COMMA = YES;
				CLANG_WARN_CONSTANT_CONVERSION = YES;
				CLANG_WARN_DEPRECATED_OBJC_IMPLEMENTATIONS = YES;
				CLANG_WARN_DIRECT_OBJC_ISA_USAGE = YES_ERROR;
				CLANG_WARN_DOCUMENTATION_COMMENTS = YES;
				CLANG_WARN_EMPTY_BODY = YES;
				CLANG_WARN_ENUM_CONVERSION = YES;
				CLANG_WARN_INFINITE_RECURSION = YES;
				CLANG_WARN_INT_CONVERSION = YES;
				CLANG_WARN_NON_LITERAL_NULL_CONVERSION = YES;
				CLANG_WARN_OBJC_IMPLICIT_RETAIN_SELF = YES;
				CLANG_WARN_OBJC_LITERAL_CONVERSION = YES;
				CLANG_WARN_OBJC_ROOT_CLASS = YES_ERROR;
				CLANG_WARN_QUOTED_INCLUDE_IN_FRAMEWORK_HEADER = YES;
				CLANG_WARN_RANGE_LOOP_ANALYSIS = YES;
				CLANG_WARN_STRICT_PROTOTYPES = YES;
				CLANG_WARN_SUSPICIOUS_MOVE = YES;
				CLANG_WARN_UNGUARDED_AVAILABILITY = YES_AGGRESSIVE;
				CLANG_WARN_UNREACHABLE_CODE = YES;
				CLANG_WARN__DUPLICATE_METHOD_MATCH = YES;
				COPY_PHASE_STRIP = NO;
				DEBUG_INFORMATION_FORMAT = "dwarf-with-dsym";
				ENABLE_NS_ASSERTIONS = NO;
				ENABLE_STRICT_OBJC_MSGSEND = YES;
				GCC_C_LANGUAGE_STANDARD = gnu11;
				GCC_NO_COMMON_BLOCKS = YES;
				GCC_WARN_64_TO_32_BIT_CONVERSION = YES;
				GCC_WARN_ABOUT_RETURN_TYPE = YES_ERROR;
				GCC_WARN_UNDECLARED_SELECTOR = YES;
				GCC_WARN_UNINITIALIZED_AUTOS = YES_AGGRESSIVE;
				GCC_WARN_UNUSED_FUNCTION = YES;
				GCC_WARN_UNUSED_VARIABLE = YES;
				IPHONEOS_DEPLOYMENT_TARGET = 15.0;
				MTL_ENABLE_DEBUG_INFO = NO;
				MTL_FAST_MATH = YES;
				SDKROOT = iphoneos;
				SWIFT_COMPILATION_MODE = wholemodule;
				SWIFT_OPTIMIZATION_LEVEL = "-O";
				VALIDATE_PRODUCT = YES;
			};
			name = Release;
		};
		0A4BE270278EF16000DEABFB /* Debug */ = {
			isa = XCBuildConfiguration;
			buildSettings = {
				ASSETCATALOG_COMPILER_APPICON_NAME = AppIcon;
				ASSETCATALOG_COMPILER_GLOBAL_ACCENT_COLOR_NAME = AccentColor;
				CODE_SIGN_STYLE = Automatic;
				CURRENT_PROJECT_VERSION = 1;
				DEVELOPMENT_ASSET_PATHS = "";
				DEVELOPMENT_TEAM = XDPB86LX2V;
				ENABLE_PREVIEWS = YES;
				GENERATE_INFOPLIST_FILE = YES;
				INFOPLIST_KEY_UIApplicationSceneManifest_Generation = YES;
				INFOPLIST_KEY_UIApplicationSupportsIndirectInputEvents = YES;
				INFOPLIST_KEY_UILaunchScreen_Generation = YES;
				INFOPLIST_KEY_UISupportedInterfaceOrientations_iPad = "UIInterfaceOrientationPortrait UIInterfaceOrientationPortraitUpsideDown UIInterfaceOrientationLandscapeLeft UIInterfaceOrientationLandscapeRight";
				INFOPLIST_KEY_UISupportedInterfaceOrientations_iPhone = "UIInterfaceOrientationPortrait UIInterfaceOrientationLandscapeLeft UIInterfaceOrientationLandscapeRight";
				LD_RUNPATH_SEARCH_PATHS = (
					"$(inherited)",
					"@executable_path/Frameworks",
				);
				MARKETING_VERSION = 1.0;
				PRODUCT_BUNDLE_IDENTIFIER = com.dmitrymelnikov.News;
				PRODUCT_NAME = "$(TARGET_NAME)";
				SWIFT_EMIT_LOC_STRINGS = YES;
				SWIFT_VERSION = 5.0;
				TARGETED_DEVICE_FAMILY = "1,2";
			};
			name = Debug;
		};
		0A4BE271278EF16000DEABFB /* Release */ = {
			isa = XCBuildConfiguration;
			buildSettings = {
				ASSETCATALOG_COMPILER_APPICON_NAME = AppIcon;
				ASSETCATALOG_COMPILER_GLOBAL_ACCENT_COLOR_NAME = AccentColor;
				CODE_SIGN_STYLE = Automatic;
				CURRENT_PROJECT_VERSION = 1;
				DEVELOPMENT_ASSET_PATHS = "";
				DEVELOPMENT_TEAM = XDPB86LX2V;
				ENABLE_PREVIEWS = YES;
				GENERATE_INFOPLIST_FILE = YES;
				INFOPLIST_KEY_UIApplicationSceneManifest_Generation = YES;
				INFOPLIST_KEY_UIApplicationSupportsIndirectInputEvents = YES;
				INFOPLIST_KEY_UILaunchScreen_Generation = YES;
				INFOPLIST_KEY_UISupportedInterfaceOrientations_iPad = "UIInterfaceOrientationPortrait UIInterfaceOrientationPortraitUpsideDown UIInterfaceOrientationLandscapeLeft UIInterfaceOrientationLandscapeRight";
				INFOPLIST_KEY_UISupportedInterfaceOrientations_iPhone = "UIInterfaceOrientationPortrait UIInterfaceOrientationLandscapeLeft UIInterfaceOrientationLandscapeRight";
				LD_RUNPATH_SEARCH_PATHS = (
					"$(inherited)",
					"@executable_path/Frameworks",
				);
				MARKETING_VERSION = 1.0;
				PRODUCT_BUNDLE_IDENTIFIER = com.dmitrymelnikov.News;
				PRODUCT_NAME = "$(TARGET_NAME)";
				SWIFT_EMIT_LOC_STRINGS = YES;
				SWIFT_VERSION = 5.0;
				TARGETED_DEVICE_FAMILY = "1,2";
			};
			name = Release;
		};
/* End XCBuildConfiguration section */

/* Begin XCConfigurationList section */
		0A4BE25C278EF15E00DEABFB /* Build configuration list for PBXProject "News" */ = {
			isa = XCConfigurationList;
			buildConfigurations = (
				0A4BE26D278EF16000DEABFB /* Debug */,
				0A4BE26E278EF16000DEABFB /* Release */,
			);
			defaultConfigurationIsVisible = 0;
			defaultConfigurationName = Release;
		};
		0A4BE26F278EF16000DEABFB /* Build configuration list for PBXNativeTarget "News" */ = {
			isa = XCConfigurationList;
			buildConfigurations = (
				0A4BE270278EF16000DEABFB /* Debug */,
				0A4BE271278EF16000DEABFB /* Release */,
			);
			defaultConfigurationIsVisible = 0;
			defaultConfigurationName = Release;
		};
/* End XCConfigurationList section */
	};
	rootObject = 0A4BE259278EF15E00DEABFB /* Project object */;
}
