// !$*UTF8*$!
{
	archiveVersion = 1;
	classes = {
	};
	objectVersion = 55;
	objects = {

/* Begin PBXBuildFile section */
		0A4BE265278EF15E00DEABFB /* NewsApp.swift in Sources */ = {isa = PBXBuildFile; fileRef = 0A4BE264278EF15E00DEABFB /* NewsApp.swift */; };
		0A4BE275278EF27400DEABFB /* NewsListRowView.swift in Sources */ = {isa = PBXBuildFile; fileRef = 0A4BE274278EF27400DEABFB /* NewsListRowView.swift */; };
		0A4BE277278EF27F00DEABFB /* NewsListRowViewModel.swift in Sources */ = {isa = PBXBuildFile; fileRef = 0A4BE276278EF27F00DEABFB /* NewsListRowViewModel.swift */; };
		0A4BE279278EF2CD00DEABFB /* NewsListRowMenuView.swift in Sources */ = {isa = PBXBuildFile; fileRef = 0A4BE278278EF2CD00DEABFB /* NewsListRowMenuView.swift */; };
		0A4BE27D278EF32C00DEABFB /* Colors.swift in Sources */ = {isa = PBXBuildFile; fileRef = 0A4BE27B278EF32C00DEABFB /* Colors.swift */; };
		0A4BE27E278EF32C00DEABFB /* Fonts.swift in Sources */ = {isa = PBXBuildFile; fileRef = 0A4BE27C278EF32C00DEABFB /* Fonts.swift */; };
		0A4BE281278EF4B200DEABFB /* Assets.xcassets in Resources */ = {isa = PBXBuildFile; fileRef = 0A4BE280278EF4B200DEABFB /* Assets.xcassets */; };
		0A4BE292278F153100DEABFB /* GamesMailRuNewsDTO.swift in Sources */ = {isa = PBXBuildFile; fileRef = 0A4BE28A278F153100DEABFB /* GamesMailRuNewsDTO.swift */; };
		0A4BE293278F153100DEABFB /* GamesMailRuNewsProvider+Response.swift in Sources */ = {isa = PBXBuildFile; fileRef = 0A4BE28B278F153100DEABFB /* GamesMailRuNewsProvider+Response.swift */; };
		0A4BE294278F153100DEABFB /* GamesMailRuNewsProvider.swift in Sources */ = {isa = PBXBuildFile; fileRef = 0A4BE28C278F153100DEABFB /* GamesMailRuNewsProvider.swift */; };
		0A4BE295278F153100DEABFB /* NewsProviderError.swift in Sources */ = {isa = PBXBuildFile; fileRef = 0A4BE28E278F153100DEABFB /* NewsProviderError.swift */; };
		0A4BE296278F153100DEABFB /* NewsDTO.swift in Sources */ = {isa = PBXBuildFile; fileRef = 0A4BE28F278F153100DEABFB /* NewsDTO.swift */; };
		0A4BE297278F153100DEABFB /* NewsImageLoader.swift in Sources */ = {isa = PBXBuildFile; fileRef = 0A4BE290278F153100DEABFB /* NewsImageLoader.swift */; };
		0A4BE298278F153100DEABFB /* NewsProvider.swift in Sources */ = {isa = PBXBuildFile; fileRef = 0A4BE291278F153100DEABFB /* NewsProvider.swift */; };
		0A4BE29C278F16B500DEABFB /* NewsListViewModel.swift in Sources */ = {isa = PBXBuildFile; fileRef = 0A4BE29A278F16B500DEABFB /* NewsListViewModel.swift */; };
		0A4BE29D278F16B500DEABFB /* NewsListView.swift in Sources */ = {isa = PBXBuildFile; fileRef = 0A4BE29B278F16B500DEABFB /* NewsListView.swift */; };
		0A4BE2A0278F17F300DEABFB /* NewsListRowViewModelFactory.swift in Sources */ = {isa = PBXBuildFile; fileRef = 0A4BE29F278F17F300DEABFB /* NewsListRowViewModelFactory.swift */; };
/* End PBXBuildFile section */

/* Begin PBXFileReference section */
		0A4BE261278EF15E00DEABFB /* News.app */ = {isa = PBXFileReference; explicitFileType = wrapper.application; includeInIndex = 0; path = News.app; sourceTree = BUILT_PRODUCTS_DIR; };
		0A4BE264278EF15E00DEABFB /* NewsApp.swift */ = {isa = PBXFileReference; lastKnownFileType = sourcecode.swift; path = NewsApp.swift; sourceTree = "<group>"; };
		0A4BE274278EF27400DEABFB /* NewsListRowView.swift */ = {isa = PBXFileReference; fileEncoding = 4; lastKnownFileType = sourcecode.swift; path = NewsListRowView.swift; sourceTree = "<group>"; };
		0A4BE276278EF27F00DEABFB /* NewsListRowViewModel.swift */ = {isa = PBXFileReference; fileEncoding = 4; lastKnownFileType = sourcecode.swift; path = NewsListRowViewModel.swift; sourceTree = "<group>"; };
		0A4BE278278EF2CD00DEABFB /* NewsListRowMenuView.swift */ = {isa = PBXFileReference; fileEncoding = 4; lastKnownFileType = sourcecode.swift; path = NewsListRowMenuView.swift; sourceTree = "<group>"; };
		0A4BE27B278EF32C00DEABFB /* Colors.swift */ = {isa = PBXFileReference; fileEncoding = 4; lastKnownFileType = sourcecode.swift; path = Colors.swift; sourceTree = "<group>"; };
		0A4BE27C278EF32C00DEABFB /* Fonts.swift */ = {isa = PBXFileReference; fileEncoding = 4; lastKnownFileType = sourcecode.swift; path = Fonts.swift; sourceTree = "<group>"; };
		0A4BE280278EF4B200DEABFB /* Assets.xcassets */ = {isa = PBXFileReference; lastKnownFileType = folder.assetcatalog; path = Assets.xcassets; sourceTree = "<group>"; };
		0A4BE28A278F153100DEABFB /* GamesMailRuNewsDTO.swift */ = {isa = PBXFileReference; fileEncoding = 4; lastKnownFileType = sourcecode.swift; path = GamesMailRuNewsDTO.swift; sourceTree = "<group>"; };
		0A4BE28B278F153100DEABFB /* GamesMailRuNewsProvider+Response.swift */ = {isa = PBXFileReference; fileEncoding = 4; lastKnownFileType = sourcecode.swift; path = "GamesMailRuNewsProvider+Response.swift"; sourceTree = "<group>"; };
		0A4BE28C278F153100DEABFB /* GamesMailRuNewsProvider.swift */ = {isa = PBXFileReference; fileEncoding = 4; lastKnownFileType = sourcecode.swift; path = GamesMailRuNewsProvider.swift; sourceTree = "<group>"; };
		0A4BE28E278F153100DEABFB /* NewsProviderError.swift */ = {isa = PBXFileReference; fileEncoding = 4; lastKnownFileType = sourcecode.swift; path = NewsProviderError.swift; sourceTree = "<group>"; };
		0A4BE28F278F153100DEABFB /* NewsDTO.swift */ = {isa = PBXFileReference; fileEncoding = 4; lastKnownFileType = sourcecode.swift; path = NewsDTO.swift; sourceTree = "<group>"; };
		0A4BE290278F153100DEABFB /* NewsImageLoader.swift */ = {isa = PBXFileReference; fileEncoding = 4; lastKnownFileType = sourcecode.swift; path = NewsImageLoader.swift; sourceTree = "<group>"; };
		0A4BE291278F153100DEABFB /* NewsProvider.swift */ = {isa = PBXFileReference; fileEncoding = 4; lastKnownFileType = sourcecode.swift; path = NewsProvider.swift; sourceTree = "<group>"; };
		0A4BE29A278F16B500DEABFB /* NewsListViewModel.swift */ = {isa = PBXFileReference; fileEncoding = 4; lastKnownFileType = sourcecode.swift; path = NewsListViewModel.swift; sourceTree = "<group>"; };
		0A4BE29B278F16B500DEABFB /* NewsListView.swift */ = {isa = PBXFileReference; fileEncoding = 4; lastKnownFileType = sourcecode.swift; path = NewsListView.swift; sourceTree = "<group>"; };
		0A4BE29F278F17F300DEABFB /* NewsListRowViewModelFactory.swift */ = {isa = PBXFileReference; fileEncoding = 4; lastKnownFileType = sourcecode.swift; path = NewsListRowViewModelFactory.swift; sourceTree = "<group>"; };
/* End PBXFileReference section */

/* Begin PBXFrameworksBuildPhase section */
		0A4BE25E278EF15E00DEABFB /* Frameworks */ = {
			isa = PBXFrameworksBuildPhase;
			buildActionMask = 2147483647;
			files = (
			);
			runOnlyForDeploymentPostprocessing = 0;
		};
/* End PBXFrameworksBuildPhase section */

/* Begin PBXGroup section */
		0A4BE258278EF15E00DEABFB = {
			isa = PBXGroup;
			children = (
				0A4BE263278EF15E00DEABFB /* News */,
				0A4BE262278EF15E00DEABFB /* Products */,
			);
			sourceTree = "<group>";
		};
		0A4BE262278EF15E00DEABFB /* Products */ = {
			isa = PBXGroup;
			children = (
				0A4BE261278EF15E00DEABFB /* News.app */,
			);
			name = Products;
			sourceTree = "<group>";
		};
		0A4BE263278EF15E00DEABFB /* News */ = {
			isa = PBXGroup;
			children = (
				0A4BE264278EF15E00DEABFB /* NewsApp.swift */,
				0A4BE287278F145C00DEABFB /* BusinessLogic */,
				0A4BE272278EF25100DEABFB /* UI */,
			);
			path = News;
			sourceTree = "<group>";
		};
		0A4BE272278EF25100DEABFB /* UI */ = {
			isa = PBXGroup;
			children = (
				0A4BE29E278F16E800DEABFB /* Modules */,
				0A4BE27F278EF34800DEABFB /* Assets */,
				0A4BE27A278EF30F00DEABFB /* Styles */,
			);
			path = UI;
			sourceTree = "<group>";
		};
		0A4BE273278EF25E00DEABFB /* NewsListRow */ = {
			isa = PBXGroup;
			children = (
				0A4BE278278EF2CD00DEABFB /* NewsListRowMenuView.swift */,
				0A4BE274278EF27400DEABFB /* NewsListRowView.swift */,
				0A4BE276278EF27F00DEABFB /* NewsListRowViewModel.swift */,
				0A4BE29F278F17F300DEABFB /* NewsListRowViewModelFactory.swift */,
			);
			path = NewsListRow;
			sourceTree = "<group>";
		};
		0A4BE27A278EF30F00DEABFB /* Styles */ = {
			isa = PBXGroup;
			children = (
				0A4BE27B278EF32C00DEABFB /* Colors.swift */,
				0A4BE27C278EF32C00DEABFB /* Fonts.swift */,
			);
			path = Styles;
			sourceTree = "<group>";
		};
		0A4BE27F278EF34800DEABFB /* Assets */ = {
			isa = PBXGroup;
			children = (
				0A4BE280278EF4B200DEABFB /* Assets.xcassets */,
			);
			path = Assets;
			sourceTree = "<group>";
		};
		0A4BE287278F145C00DEABFB /* BusinessLogic */ = {
			isa = PBXGroup;
			children = (
				0A4BE288278F153100DEABFB /* NewsProvider */,
			);
			path = BusinessLogic;
			sourceTree = "<group>";
		};
		0A4BE288278F153100DEABFB /* NewsProvider */ = {
			isa = PBXGroup;
			children = (
				0A4BE28D278F153100DEABFB /* Common */,
				0A4BE289278F153100DEABFB /* GamesMailRu */,
			);
			path = NewsProvider;
			sourceTree = "<group>";
		};
		0A4BE289278F153100DEABFB /* GamesMailRu */ = {
			isa = PBXGroup;
			children = (
				0A4BE28A278F153100DEABFB /* GamesMailRuNewsDTO.swift */,
				0A4BE28B278F153100DEABFB /* GamesMailRuNewsProvider+Response.swift */,
				0A4BE28C278F153100DEABFB /* GamesMailRuNewsProvider.swift */,
			);
			path = GamesMailRu;
			sourceTree = "<group>";
		};
		0A4BE28D278F153100DEABFB /* Common */ = {
			isa = PBXGroup;
			children = (
				0A4BE28E278F153100DEABFB /* NewsProviderError.swift */,
				0A4BE28F278F153100DEABFB /* NewsDTO.swift */,
				0A4BE290278F153100DEABFB /* NewsImageLoader.swift */,
				0A4BE291278F153100DEABFB /* NewsProvider.swift */,
			);
			path = Common;
			sourceTree = "<group>";
		};
		0A4BE299278F163E00DEABFB /* NewsList */ = {
			isa = PBXGroup;
			children = (
				0A4BE29B278F16B500DEABFB /* NewsListView.swift */,
				0A4BE29A278F16B500DEABFB /* NewsListViewModel.swift */,
				0A4BE273278EF25E00DEABFB /* NewsListRow */,
			);
			path = NewsList;
			sourceTree = "<group>";
		};
		0A4BE29E278F16E800DEABFB /* Modules */ = {
			isa = PBXGroup;
			children = (
				0A4BE299278F163E00DEABFB /* NewsList */,
			);
			path = Modules;
			sourceTree = "<group>";
		};
/* End PBXGroup section */

/* Begin PBXNativeTarget section */
		0A4BE260278EF15E00DEABFB /* News */ = {
			isa = PBXNativeTarget;
			buildConfigurationList = 0A4BE26F278EF16000DEABFB /* Build configuration list for PBXNativeTarget "News" */;
			buildPhases = (
				0A4BE25D278EF15E00DEABFB /* Sources */,
				0A4BE25E278EF15E00DEABFB /* Frameworks */,
				0A4BE25F278EF15E00DEABFB /* Resources */,
			);
			buildRules = (
			);
			dependencies = (
			);
			name = News;
			productName = News;
			productReference = 0A4BE261278EF15E00DEABFB /* News.app */;
			productType = "com.apple.product-type.application";
		};
/* End PBXNativeTarget section */

/* Begin PBXProject section */
		0A4BE259278EF15E00DEABFB /* Project object */ = {
			isa = PBXProject;
			attributes = {
				BuildIndependentTargetsInParallel = 1;
				LastSwiftUpdateCheck = 1310;
				LastUpgradeCheck = 1310;
				TargetAttributes = {
					0A4BE260278EF15E00DEABFB = {
						CreatedOnToolsVersion = 13.1;
					};
				};
			};
			buildConfigurationList = 0A4BE25C278EF15E00DEABFB /* Build configuration list for PBXProject "News" */;
			compatibilityVersion = "Xcode 13.0";
			developmentRegion = en;
			hasScannedForEncodings = 0;
			knownRegions = (
				en,
				Base,
			);
			mainGroup = 0A4BE258278EF15E00DEABFB;
			productRefGroup = 0A4BE262278EF15E00DEABFB /* Products */;
			projectDirPath = "";
			projectRoot = "";
			targets = (
				0A4BE260278EF15E00DEABFB /* News */,
			);
		};
/* End PBXProject section */

/* Begin PBXResourcesBuildPhase section */
		0A4BE25F278EF15E00DEABFB /* Resources */ = {
			isa = PBXResourcesBuildPhase;
			buildActionMask = 2147483647;
			files = (
				0A4BE281278EF4B200DEABFB /* Assets.xcassets in Resources */,
			);
			runOnlyForDeploymentPostprocessing = 0;
		};
/* End PBXResourcesBuildPhase section */

/* Begin PBXSourcesBuildPhase section */
		0A4BE25D278EF15E00DEABFB /* Sources */ = {
			isa = PBXSourcesBuildPhase;
			buildActionMask = 2147483647;
			files = (
				0A4BE294278F153100DEABFB /* GamesMailRuNewsProvider.swift in Sources */,
				0A4BE29C278F16B500DEABFB /* NewsListViewModel.swift in Sources */,
				0A4BE292278F153100DEABFB /* GamesMailRuNewsDTO.swift in Sources */,
				0A4BE2A0278F17F300DEABFB /* NewsListRowViewModelFactory.swift in Sources */,
				0A4BE27E278EF32C00DEABFB /* Fonts.swift in Sources */,
				0A4BE297278F153100DEABFB /* NewsImageLoader.swift in Sources */,
				0A4BE293278F153100DEABFB /* GamesMailRuNewsProvider+Response.swift in Sources */,
				0A4BE275278EF27400DEABFB /* NewsListRowView.swift in Sources */,
				0A4BE29D278F16B500DEABFB /* NewsListView.swift in Sources */,
				0A4BE27D278EF32C00DEABFB /* Colors.swift in Sources */,
				0A4BE296278F153100DEABFB /* NewsDTO.swift in Sources */,
				0A4BE295278F153100DEABFB /* NewsProviderError.swift in Sources */,
				0A4BE279278EF2CD00DEABFB /* NewsListRowMenuView.swift in Sources */,
				0A4BE277278EF27F00DEABFB /* NewsListRowViewModel.swift in Sources */,
				0A4BE265278EF15E00DEABFB /* NewsApp.swift in Sources */,
				0A4BE298278F153100DEABFB /* NewsProvider.swift in Sources */,
			);
			runOnlyForDeploymentPostprocessing = 0;
		};
/* End PBXSourcesBuildPhase section */

/* Begin XCBuildConfiguration section */
		0A4BE26D278EF16000DEABFB /* Debug */ = {
			isa = XCBuildConfiguration;
			buildSettings = {
				ALWAYS_SEARCH_USER_PATHS = NO;
				CLANG_ANALYZER_NONNULL = YES;
				CLANG_ANALYZER_NUMBER_OBJECT_CONVERSION = YES_AGGRESSIVE;
				CLANG_CXX_LANGUAGE_STANDARD = "gnu++17";
				CLANG_CXX_LIBRARY = "libc++";
				CLANG_ENABLE_MODULES = YES;
				CLANG_ENABLE_OBJC_ARC = YES;
				CLANG_ENABLE_OBJC_WEAK = YES;
				CLANG_WARN_BLOCK_CAPTURE_AUTORELEASING = YES;
				CLANG_WARN_BOOL_CONVERSION = YES;
				CLANG_WARN_COMMA = YES;
				CLANG_WARN_CONSTANT_CONVERSION = YES;
				CLANG_WARN_DEPRECATED_OBJC_IMPLEMENTATIONS = YES;
				CLANG_WARN_DIRECT_OBJC_ISA_USAGE = YES_ERROR;
				CLANG_WARN_DOCUMENTATION_COMMENTS = YES;
				CLANG_WARN_EMPTY_BODY = YES;
				CLANG_WARN_ENUM_CONVERSION = YES;
				CLANG_WARN_INFINITE_RECURSION = YES;
				CLANG_WARN_INT_CONVERSION = YES;
				CLANG_WARN_NON_LITERAL_NULL_CONVERSION = YES;
				CLANG_WARN_OBJC_IMPLICIT_RETAIN_SELF = YES;
				CLANG_WARN_OBJC_LITERAL_CONVERSION = YES;
				CLANG_WARN_OBJC_ROOT_CLASS = YES_ERROR;
				CLANG_WARN_QUOTED_INCLUDE_IN_FRAMEWORK_HEADER = YES;
				CLANG_WARN_RANGE_LOOP_ANALYSIS = YES;
				CLANG_WARN_STRICT_PROTOTYPES = YES;
				CLANG_WARN_SUSPICIOUS_MOVE = YES;
				CLANG_WARN_UNGUARDED_AVAILABILITY = YES_AGGRESSIVE;
				CLANG_WARN_UNREACHABLE_CODE = YES;
				CLANG_WARN__DUPLICATE_METHOD_MATCH = YES;
				COPY_PHASE_STRIP = NO;
				DEBUG_INFORMATION_FORMAT = dwarf;
				ENABLE_STRICT_OBJC_MSGSEND = YES;
				ENABLE_TESTABILITY = YES;
				GCC_C_LANGUAGE_STANDARD = gnu11;
				GCC_DYNAMIC_NO_PIC = NO;
				GCC_NO_COMMON_BLOCKS = YES;
				GCC_OPTIMIZATION_LEVEL = 0;
				GCC_PREPROCESSOR_DEFINITIONS = (
					"DEBUG=1",
					"$(inherited)",
				);
				GCC_WARN_64_TO_32_BIT_CONVERSION = YES;
				GCC_WARN_ABOUT_RETURN_TYPE = YES_ERROR;
				GCC_WARN_UNDECLARED_SELECTOR = YES;
				GCC_WARN_UNINITIALIZED_AUTOS = YES_AGGRESSIVE;
				GCC_WARN_UNUSED_FUNCTION = YES;
				GCC_WARN_UNUSED_VARIABLE = YES;
				IPHONEOS_DEPLOYMENT_TARGET = 15.0;
				MTL_ENABLE_DEBUG_INFO = INCLUDE_SOURCE;
				MTL_FAST_MATH = YES;
				ONLY_ACTIVE_ARCH = YES;
				SDKROOT = iphoneos;
				SWIFT_ACTIVE_COMPILATION_CONDITIONS = DEBUG;
				SWIFT_OPTIMIZATION_LEVEL = "-Onone";
			};
			name = Debug;
		};
		0A4BE26E278EF16000DEABFB /* Release */ = {
			isa = XCBuildConfiguration;
			buildSettings = {
				ALWAYS_SEARCH_USER_PATHS = NO;
				CLANG_ANALYZER_NONNULL = YES;
				CLANG_ANALYZER_NUMBER_OBJECT_CONVERSION = YES_AGGRESSIVE;
				CLANG_CXX_LANGUAGE_STANDARD = "gnu++17";
				CLANG_CXX_LIBRARY = "libc++";
				CLANG_ENABLE_MODULES = YES;
				CLANG_ENABLE_OBJC_ARC = YES;
				CLANG_ENABLE_OBJC_WEAK = YES;
				CLANG_WARN_BLOCK_CAPTURE_AUTORELEASING = YES;
				CLANG_WARN_BOOL_CONVERSION = YES;
				CLANG_WARN_COMMA = YES;
				CLANG_WARN_CONSTANT_CONVERSION = YES;
				CLANG_WARN_DEPRECATED_OBJC_IMPLEMENTATIONS = YES;
				CLANG_WARN_DIRECT_OBJC_ISA_USAGE = YES_ERROR;
				CLANG_WARN_DOCUMENTATION_COMMENTS = YES;
				CLANG_WARN_EMPTY_BODY = YES;
				CLANG_WARN_ENUM_CONVERSION = YES;
				CLANG_WARN_INFINITE_RECURSION = YES;
				CLANG_WARN_INT_CONVERSION = YES;
				CLANG_WARN_NON_LITERAL_NULL_CONVERSION = YES;
				CLANG_WARN_OBJC_IMPLICIT_RETAIN_SELF = YES;
				CLANG_WARN_OBJC_LITERAL_CONVERSION = YES;
				CLANG_WARN_OBJC_ROOT_CLASS = YES_ERROR;
				CLANG_WARN_QUOTED_INCLUDE_IN_FRAMEWORK_HEADER = YES;
				CLANG_WARN_RANGE_LOOP_ANALYSIS = YES;
				CLANG_WARN_STRICT_PROTOTYPES = YES;
				CLANG_WARN_SUSPICIOUS_MOVE = YES;
				CLANG_WARN_UNGUARDED_AVAILABILITY = YES_AGGRESSIVE;
				CLANG_WARN_UNREACHABLE_CODE = YES;
				CLANG_WARN__DUPLICATE_METHOD_MATCH = YES;
				COPY_PHASE_STRIP = NO;
				DEBUG_INFORMATION_FORMAT = "dwarf-with-dsym";
				ENABLE_NS_ASSERTIONS = NO;
				ENABLE_STRICT_OBJC_MSGSEND = YES;
				GCC_C_LANGUAGE_STANDARD = gnu11;
				GCC_NO_COMMON_BLOCKS = YES;
				GCC_WARN_64_TO_32_BIT_CONVERSION = YES;
				GCC_WARN_ABOUT_RETURN_TYPE = YES_ERROR;
				GCC_WARN_UNDECLARED_SELECTOR = YES;
				GCC_WARN_UNINITIALIZED_AUTOS = YES_AGGRESSIVE;
				GCC_WARN_UNUSED_FUNCTION = YES;
				GCC_WARN_UNUSED_VARIABLE = YES;
				IPHONEOS_DEPLOYMENT_TARGET = 15.0;
				MTL_ENABLE_DEBUG_INFO = NO;
				MTL_FAST_MATH = YES;
				SDKROOT = iphoneos;
				SWIFT_COMPILATION_MODE = wholemodule;
				SWIFT_OPTIMIZATION_LEVEL = "-O";
				VALIDATE_PRODUCT = YES;
			};
			name = Release;
		};
		0A4BE270278EF16000DEABFB /* Debug */ = {
			isa = XCBuildConfiguration;
			buildSettings = {
				ASSETCATALOG_COMPILER_APPICON_NAME = AppIcon;
				ASSETCATALOG_COMPILER_GLOBAL_ACCENT_COLOR_NAME = AccentColor;
				CODE_SIGN_STYLE = Automatic;
				CURRENT_PROJECT_VERSION = 1;
				DEVELOPMENT_ASSET_PATHS = "";
				DEVELOPMENT_TEAM = XDPB86LX2V;
				ENABLE_PREVIEWS = YES;
				GENERATE_INFOPLIST_FILE = YES;
				INFOPLIST_KEY_UIApplicationSceneManifest_Generation = YES;
				INFOPLIST_KEY_UIApplicationSupportsIndirectInputEvents = YES;
				INFOPLIST_KEY_UILaunchScreen_Generation = YES;
				INFOPLIST_KEY_UISupportedInterfaceOrientations_iPad = "UIInterfaceOrientationPortrait UIInterfaceOrientationPortraitUpsideDown UIInterfaceOrientationLandscapeLeft UIInterfaceOrientationLandscapeRight";
				INFOPLIST_KEY_UISupportedInterfaceOrientations_iPhone = "UIInterfaceOrientationPortrait UIInterfaceOrientationLandscapeLeft UIInterfaceOrientationLandscapeRight";
				LD_RUNPATH_SEARCH_PATHS = (
					"$(inherited)",
					"@executable_path/Frameworks",
				);
				MARKETING_VERSION = 1.0;
				PRODUCT_BUNDLE_IDENTIFIER = com.dmitrymelnikov.News;
				PRODUCT_NAME = "$(TARGET_NAME)";
				SWIFT_EMIT_LOC_STRINGS = YES;
				SWIFT_VERSION = 5.0;
				TARGETED_DEVICE_FAMILY = "1,2";
			};
			name = Debug;
		};
		0A4BE271278EF16000DEABFB /* Release */ = {
			isa = XCBuildConfiguration;
			buildSettings = {
				ASSETCATALOG_COMPILER_APPICON_NAME = AppIcon;
				ASSETCATALOG_COMPILER_GLOBAL_ACCENT_COLOR_NAME = AccentColor;
				CODE_SIGN_STYLE = Automatic;
				CURRENT_PROJECT_VERSION = 1;
				DEVELOPMENT_ASSET_PATHS = "";
				DEVELOPMENT_TEAM = XDPB86LX2V;
				ENABLE_PREVIEWS = YES;
				GENERATE_INFOPLIST_FILE = YES;
				INFOPLIST_KEY_UIApplicationSceneManifest_Generation = YES;
				INFOPLIST_KEY_UIApplicationSupportsIndirectInputEvents = YES;
				INFOPLIST_KEY_UILaunchScreen_Generation = YES;
				INFOPLIST_KEY_UISupportedInterfaceOrientations_iPad = "UIInterfaceOrientationPortrait UIInterfaceOrientationPortraitUpsideDown UIInterfaceOrientationLandscapeLeft UIInterfaceOrientationLandscapeRight";
				INFOPLIST_KEY_UISupportedInterfaceOrientations_iPhone = "UIInterfaceOrientationPortrait UIInterfaceOrientationLandscapeLeft UIInterfaceOrientationLandscapeRight";
				LD_RUNPATH_SEARCH_PATHS = (
					"$(inherited)",
					"@executable_path/Frameworks",
				);
				MARKETING_VERSION = 1.0;
				PRODUCT_BUNDLE_IDENTIFIER = com.dmitrymelnikov.News;
				PRODUCT_NAME = "$(TARGET_NAME)";
				SWIFT_EMIT_LOC_STRINGS = YES;
				SWIFT_VERSION = 5.0;
				TARGETED_DEVICE_FAMILY = "1,2";
			};
			name = Release;
		};
/* End XCBuildConfiguration section */

/* Begin XCConfigurationList section */
		0A4BE25C278EF15E00DEABFB /* Build configuration list for PBXProject "News" */ = {
			isa = XCConfigurationList;
			buildConfigurations = (
				0A4BE26D278EF16000DEABFB /* Debug */,
				0A4BE26E278EF16000DEABFB /* Release */,
			);
			defaultConfigurationIsVisible = 0;
			defaultConfigurationName = Release;
		};
		0A4BE26F278EF16000DEABFB /* Build configuration list for PBXNativeTarget "News" */ = {
			isa = XCConfigurationList;
			buildConfigurations = (
				0A4BE270278EF16000DEABFB /* Debug */,
				0A4BE271278EF16000DEABFB /* Release */,
			);
			defaultConfigurationIsVisible = 0;
			defaultConfigurationName = Release;
		};
/* End XCConfigurationList section */
	};
	rootObject = 0A4BE259278EF15E00DEABFB /* Project object */;
}
